8a28bbc3e8609bcef24c7a102598145f208c3d2b654d70d1e25f5c8543fc507a  hooks/gate-scripts/careful-guard.sh
ec390f56965bd0ea10385124f201ea53c20cca38bccbb6b4be7bc7235b303860  hooks/gate-scripts/check-design-document.sh
cb8ce7df778ae8ee44c6fedadee2c39feb589c478009762279af70a98003682f  hooks/gate-scripts/codex-nudge-precreate.sh
f06714e0443251bd7a520643bbe0b9e4844998ee295d71852c129eb72466abee  hooks/gate-scripts/codex-nudge-premerge.sh
ccc2a92610cff3c270dce87924bb07ca94579b43a284a476fe1f553f43139d2a  hooks/gate-scripts/freeze-guard.sh
6a04d34b87c7d230f97da8b8a9fa5ad6e8933f4b7b3fc87506c5e650ee5185eb  hooks/gate-scripts/go-post-edit.sh
b81e9b1c6ea6411005979148f8714a272d9e33c8eea155e27673cf1f0fde16cc  hooks/gate-scripts/lib/audit_append.py
874b9832b04ee8368b784f1c685aabdb309d6e67ea4970cd779819ede2414b82  hooks/gate-scripts/lib/cmdword.py
1dbbf1e029ad529891cd4cfcd65a5ddac7d898fec1a724c05d57b797d50df52a  hooks/gate-scripts/lib/cmdword_demo_fixtures.py
50366016ce70cdf61b2e9ca3b3d4d131fc3bc821d98ca8b577e82df179c3c12a  hooks/gate-scripts/lib/commit_scope.py
f44e785825a9df9573d4147a3da67e9008bb68c94ac31830224648856598504d  hooks/gate-scripts/lib/contained-launch.sh
788969f4cd9c86273212e6c9aedf23df3da9d1c9e369cd377d1ff0a3b324e524  hooks/gate-scripts/lib/delib_gate.py
f43e5b2697077e404e2cde09263c97e4f26cff541c14e6d16811d46bee58cf28  hooks/gate-scripts/lib/design_cleanup.py
4d7b1b30e25fc482fb330a58437a05e2ec223cf95726385a299b394b616220fb  hooks/gate-scripts/lib/gitcmd_detect.py
8ef756a62fc5d7ed28949444bcb73268605e8caf25d4e951766cfc4cf63cb8f2  hooks/gate-scripts/lib/lease_slot.py
8f6d40987ae8679ade2597b0200ad499cf1e09065da8025e486e57118169e66e  hooks/gate-scripts/lib/load_instincts.py
7d2f1d0099efb46b1a09c31f5751252816d4127be20c593ae9239a114a36c5b9  hooks/gate-scripts/lib/marker_check.py
5520bc1ed5945aafffe22f46a42ff2bb9eeeb8ecd21e2cd1fb37741023f7cee9  hooks/gate-scripts/lib/marker_ops.py
d8b0298e4344b2ab831c8cec117675fff06cad30c8c524d81763c264297b6287  hooks/gate-scripts/lib/notes_staleness.py
ae7b1a7ae8d198fcdeec6613fcc0996ff30cd7252b2466627738c37e3ae45b0c  hooks/gate-scripts/lib/nudge_parse.py
70d445fd23c6ffe0135bebfa875f605bd6fdf06a432d07b3bde946aa73158214  hooks/gate-scripts/lib/precreate_parse.py
dea2329d0f022b925df1aef5946c9cd3c4f426ee1dc5faf298e3fd35107b3ae8  hooks/gate-scripts/lib/resolve-repo-dir.sh
f2f614ba87742bb4d70f4b799075dce6583511f790103736c822fe616e8c8b6a  hooks/gate-scripts/lib/sanitized-gate.sh
aaa3a001e9bf105a4fc428a2fe9b4577e0214c9a2dc9df69304a600db5d7b5ca  hooks/gate-scripts/lib/sanitized-node.sh
00bc9ff106e3481ac141b7d2c6da24893dab0c06a71778dcd6d510707506ec7a  hooks/gate-scripts/load-orchestrator.sh
e5947eca537b2f1f69ca86802c08dcae97bb701585bb85e7e97fbb2c71a098cb  hooks/gate-scripts/post-commit-consume-marker.sh
f9290dfa0fd8f425ecf9c4840bc44e9ab81207d9b6c833db871be72f9ba4869e  hooks/gate-scripts/post-merge-confirm-bypass.sh
36f49d9c04a023eae51eabb412921f6e65a24e424c05af970206268f8e700439  hooks/gate-scripts/post-pr-consume-marker.sh
d44648f2f6f4917279e7f6d3bb604fa465038ea86ef6e1dc6713700c4f23290d  hooks/gate-scripts/pre-commit-gate.sh
f05c6248ad1ee06bd88ad360e5ceb105029f652ef0089ffc48e0c3ab47abd68b  hooks/gate-scripts/pre-implementation-gate.sh
d18d10504f3c3bc26568cf4949a0e19e4e7cd40e434ea50ccb5e02e681890cc0  hooks/gate-scripts/pre-merge-gate.sh
d6b346985540105f05c8c9b240b58e7f5d8029465b624b52f491c82f906bdcae  hooks/gate-scripts/pre-pr-gate.sh
4635cbe4447e163b51bc99696dd01800b836255854df2d7533d4e4201af05671  hooks/gate-scripts/ref-ff-gate.sh
a5e6c354960cbf6969dd493e0a87903163f1d703622f4a2d0525994d30528d7a  scripts/hooks/auto-tmux-dev.js
671e9fff02a9c6229637d4c170dc60c11e78c5420d8b30f51c26d42a34d876b7  scripts/hooks/block-no-verify.js
f3646b7d0060cfcc9f41c1ed1d00eaa275a153b748af74188d692f7d7a579c59  scripts/hooks/check-console-log.js
1a16c203727a1471c700c0adc44c67fb7c29e78db24b61a2a46e469fb41d5fba  scripts/hooks/check-hook-enabled.js
c44d9daf2911634d20d37c5f5d699e9cb07c8cc892a80d584349dcad0fbdc5f4  scripts/hooks/config-protection.js
54a26b9dc95b0b116a4e5549815b8672e14628e22bcea7d968f9b2c03f0921a3  scripts/hooks/cost-tracker.js
ffac3f7c2b226e68c808b7e23d515727e0db32e166ed14d25674dfa9a407be33  scripts/hooks/design-quality-check.js
ee5c5c366958848683c17527d1572f10cf86f8ec52a9ba645202db8652d9c046  scripts/hooks/desktop-notify.js
496316b4bc4918f3a4bec597288a8e03651ffecaa5a63326efbd746d0a719be6  scripts/hooks/doc-file-warning.js
d3bf18be2af61791b25bcb8fb7cc44b911bf9d59579fbcfc0c6af16579574db6  scripts/hooks/evaluate-session.js
1a31f2debf5ce3c8a0293b80d0960a4d3dbf4224e5e37b9467819e94e9c28bfc  scripts/hooks/gateguard-fact-force.js
e7a323b68593509679f118dc7aca3cd05053fae688368ac81c1130a693ddc98c  scripts/hooks/governance-capture.js
660ab6577c5367db48c863c0a760006d9cf2a7deb1f20dd0e22a8f80d1b530e5  scripts/hooks/mcp-health-check.js
f47e296e4536ba71572c27b6611919d1b350bc1f2d293b1c1ddb2c7662e506b4  scripts/hooks/post-bash-build-complete.js
286bc8dc082ab9e23e228a744788b5bfce91fa3cb842dd2db3dfb96bd2eb464a  scripts/hooks/post-bash-command-log.js
1dd3114adbd53b3a680eb42045aa79ec82038d930488ec2a81354622b04eb0b1  scripts/hooks/post-bash-pr-created.js
b69e6128795c7d9a5db9af45e4f709a6192d427ac998962c3564926aaa9d35a4  scripts/hooks/post-edit-accumulator.js
a37515279ba01e411ae520529a50edceea015bd13f93321c7fbe30a3d57b6249  scripts/hooks/post-edit-console-warn.js
c85a5026810c82f706e1f4edb17484a97bf710dc6c27eef6d6312b59417e27e5  scripts/hooks/post-edit-format.js
9b64a28cacee7c7dcdc2672445a03448fd5b3520e994b407a91150cb7a990a79  scripts/hooks/post-memory-recall-reminder.sh
02a972a3d07d0fd809c8a773329c90981466e06ea289daaf2115a51f2a9a6aa1  scripts/hooks/pre-bash-dev-server-block.js
171a7b03e588059aabab78cf64e10fa8170af112b1ceb6fa3d749df503c7fa72  scripts/hooks/pre-bash-git-push-reminder.js
8c9ecb65187df473ea54cb9647b063a12def5a97b1d5435698227f7e919d9b8a  scripts/hooks/pre-bash-tmux-reminder.js
9aa0c0741f12b66f955913c8a7324bfe3bfa2c81befa327458f30d1621ca99c8  scripts/hooks/pre-compact.js
9cb4d78a87076f2c0df3683d0c90f52818f564da556b5ee8926574cd1af8ffac  scripts/hooks/pre-read-size-advisory.js
0508766aad2ff7540a717bacacc6e23e2452c65d75d0485039ec1a3eae7e6018  scripts/hooks/pretooluse-visible-output.js
66874c9ff75bf74483b17a699b217865ae6a47cfe1462fd2b1f037511aecb582  scripts/hooks/quality-gate.js
f4e2a826127624e6a2aee658d4b274b2e38b902c3e583258b716dd088ff7898f  scripts/hooks/run-with-flags-shell.sh
d42bd94460bb1a3c2a287dbf9905fc344bfa0c1f974cd20e85cf4469e9dd7838  scripts/hooks/run-with-flags.js
51c2110a507c7f545f9040cb0bb5cf23c935b1f05018aea15bf4685bfb17a53a  scripts/hooks/session-activity-tracker.js
dd24fbec816a9dc738e45c5b126f3823365410c3d0e0fde52ea8ee8e1384a234  scripts/hooks/session-end-marker.js
7a30579bc47e5b5d994aaecbe4bd177335e0b841d8f8b35170763fc15b74430a  scripts/hooks/session-end.js
641119113631e80e9acaef990ff4a551d6fc96ace23d6932905b5615f0abee61  scripts/hooks/session-start.js
6d989e888840ed6e3f3f9f523dcb2be4619472836a039104d4028eb9822e13b6  scripts/hooks/stop-format-typecheck.js
b73aff541850c13448ce308ff5030ff06153d149172ff6fb44c7d83e635e3b3f  scripts/hooks/suggest-compact.js
